
Microsoft Visual Studio Solution File, Format Version 12.00
# Visual Studio 14
VisualStudioVersion = 14.0.25123.0
MinimumVisualStudioVersion = 10.0.40219.1
Project("{8BC9CEB8-8B4A-11D0-8D11-00A0C91BC942}") = "Compass_XYZ_Plotter", "Compass_XYZ_Plotter.vcxproj", "{78798F09-4BFF-4ED1-B0CB-A536CD9B243E}"
EndProject
Global
	GlobalSection(SolutionConfigurationPlatforms) = preSolution
		Debug|x64 = Debug|x64
		Debug|x86 = Debug|x86
		Release|x64 = Release|x64
		Release|x86 = Release|x86
	EndGlobalSection
	GlobalSection(ProjectConfigurationPlatforms) = postSolution
		{78798F09-4BFF-4ED1-B0CB-A536CD9B243E}.Debug|x64.ActiveCfg = Debug|x64
		{78798F09-4BFF-4ED1-B0CB-A536CD9B243E}.Debug|x64.Build.0 = Debug|x64
		{78798F09-4BFF-4ED1-B0CB-A536CD9B243E}.Debug|x86.ActiveCfg = Debug|Win32
		{78798F09-4BFF-4ED1-B0CB-A536CD9B243E}.Debug|x86.Build.0 = Debug|Win32
		{78798F09-4BFF-4ED1-B0CB-A536CD9B243E}.Release|x64.ActiveCfg = Release|x64
		{78798F09-4BFF-4ED1-B0CB-A536CD9B243E}.Release|x64.Build.0 = Release|x64
		{78798F09-4BFF-4ED1-B0CB-A536CD9B243E}.Release|x86.ActiveCfg = Release|Win32
		{78798F09-4BFF-4ED1-B0CB-A536CD9B243E}.Release|x86.Build.0 = Release|Win32
	EndGlobalSection
	GlobalSection(SolutionProperties) = preSolution
		HideSolutionNode = FALSE
	EndGlobalSection
EndGlobal
